
Microsoft Visual Studio Solution File, Format Version 12.00
# Visual Studio 2015
Project("{FAE04EC0-301F-11D3-BF4B-00C04F79EFBC}") = "projectPlatformer.CSharp", "projectPlatformer.CSharp.csproj", "{FE243821-1CD3-8734-E143-E4A102686E5D}"
EndProject
Global
	GlobalSection(SolutionConfigurationPlatforms) = preSolution
		Debug|Any CPU = Debug|Any CPU
		Release|Any CPU = Release|Any CPU
	EndGlobalSection
	GlobalSection(ProjectConfigurationPlatforms) = postSolution
		{FE243821-1CD3-8734-E143-E4A102686E5D}.Debug|Any CPU.ActiveCfg = Debug|Any CPU
		{FE243821-1CD3-8734-E143-E4A102686E5D}.Debug|Any CPU.Build.0 = Debug|Any CPU
		{FE243821-1CD3-8734-E143-E4A102686E5D}.Release|Any CPU.ActiveCfg = Release|Any CPU
		{FE243821-1CD3-8734-E143-E4A102686E5D}.Release|Any CPU.Build.0 = Release|Any CPU
	EndGlobalSection
	GlobalSection(SolutionProperties) = preSolution
		HideSolutionNode = FALSE
	EndGlobalSection
EndGlobal
